
Microsoft Visual Studio Solution File, Format Version 12.00
# Visual Studio 15
VisualStudioVersion = 15.0.27703.2026
MinimumVisualStudioVersion = 10.0.40219.1
Project("{FAE04EC0-301F-11D3-BF4B-00C04F79EFBC}") = "AppstreamLib", "AppstreamLib\AppstreamLib.csproj", "{AE7D288E-DE28-47BA-9398-F949B6021173}"
EndProject
Project("{FAE04EC0-301F-11D3-BF4B-00C04F79EFBC}") = "ConsoleApp1", "ConsoleApp1\ConsoleApp1.csproj", "{A66CC39A-37C7-4B25-9567-C12FE9F96B87}"
EndProject
Global
	GlobalSection(SolutionConfigurationPlatforms) = preSolution
		Debug|Any CPU = Debug|Any CPU
		Release|Any CPU = Release|Any CPU
	EndGlobalSection
	GlobalSection(ProjectConfigurationPlatforms) = postSolution
		{AE7D288E-DE28-47BA-9398-F949B6021173}.Debug|Any CPU.ActiveCfg = Debug|Any CPU
		{AE7D288E-DE28-47BA-9398-F949B6021173}.Debug|Any CPU.Build.0 = Debug|Any CPU
		{AE7D288E-DE28-47BA-9398-F949B6021173}.Release|Any CPU.ActiveCfg = Release|Any CPU
		{AE7D288E-DE28-47BA-9398-F949B6021173}.Release|Any CPU.Build.0 = Release|Any CPU
		{A66CC39A-37C7-4B25-9567-C12FE9F96B87}.Debug|Any CPU.ActiveCfg = Debug|Any CPU
		{A66CC39A-37C7-4B25-9567-C12FE9F96B87}.Debug|Any CPU.Build.0 = Debug|Any CPU
		{A66CC39A-37C7-4B25-9567-C12FE9F96B87}.Release|Any CPU.ActiveCfg = Release|Any CPU
		{A66CC39A-37C7-4B25-9567-C12FE9F96B87}.Release|Any CPU.Build.0 = Release|Any CPU
	EndGlobalSection
	GlobalSection(SolutionProperties) = preSolution
		HideSolutionNode = FALSE
	EndGlobalSection
	GlobalSection(ExtensibilityGlobals) = postSolution
		SolutionGuid = {44F03889-86D9-4592-AC35-F747A91DAA31}
	EndGlobalSection
EndGlobal
